{
    "hash": "68b01048805fca5c68d0c6090b64b930",
    "packages": [
        {
            "name": "doctrine/common",
            "version": "2.3.0",
            "source": {
                "type": "git",
                "url": "https://github.com/doctrine/common",
                "reference": "2.3.0"
            },
            "dist": {
                "type": "zip",
                "url": "https://github.com/doctrine/common/zipball/2.3.0",
                "reference": "2.3.0",
                "shasum": ""
            },
            "require": {
                "php": ">=5.3.2"
            },
            "type": "library",
            "extra": {
                "branch-alias": {
                    "dev-master": "2.3.x-dev"
                }
            },
            "autoload": {
                "psr-0": {
                    "Doctrine\\Common": "lib/"
                }
            },
            "notification-url": "https://packagist.org/downloads/",
            "license": [
                "MIT"
            ],
            "authors": [
                {
                    "name": "Jonathan Wage",
                    "email": "jonwage@gmail.com",
                    "homepage": "http://www.jwage.com/"
                },
                {
                    "name": "Guilherme Blanco",
                    "email": "guilhermeblanco@gmail.com",
                    "homepage": "http://www.instaclick.com"
                },
                {
                    "name": "Roman Borschel",
                    "email": "roman@code-factory.org"
                },
                {
                    "name": "Benjamin Eberlei",
                    "email": "kontakt@beberlei.de"
                },
                {
                    "name": "Johannes Schmitt",
                    "email": "schmittjoh@gmail.com",
                    "homepage": "https://github.com/schmittjoh",
                    "role": "Developer of wrapped JMSSerializerBundle"
                }
            ],
            "description": "Common Library for Doctrine projects",
            "homepage": "http://www.doctrine-project.org",
            "keywords": [
                "annotations",
                "collections",
                "eventmanager",
                "persistence",
                "spl"
            ],
            "time": "2012-09-19 22:55:18"
        },
        {
            "name": "doctrine/dbal",
            "version": "2.3.2",
            "source": {
                "type": "git",
                "url": "https://github.com/doctrine/dbal",
                "reference": "2.3.2"
            },
            "dist": {
                "type": "zip",
                "url": "https://github.com/doctrine/dbal/archive/2.3.2.zip",
                "reference": "2.3.2",
                "shasum": ""
            },
            "require": {
                "doctrine/common": "2.3.*",
                "php": ">=5.3.2"
            },
            "type": "library",
            "extra": {
                "branch-alias": {
                    "dev-master": "2.3.x-dev"
                }
            },
            "autoload": {
                "psr-0": {
                    "Doctrine\\DBAL": "lib/"
                }
            },
            "notification-url": "https://packagist.org/downloads/",
            "license": [
                "MIT"
            ],
            "authors": [
                {
                    "name": "Jonathan Wage",
                    "email": "jonwage@gmail.com",
                    "homepage": "http://www.jwage.com/"
                },
                {
                    "name": "Guilherme Blanco",
                    "email": "guilhermeblanco@gmail.com",
                    "homepage": "http://www.instaclick.com"
                },
                {
                    "name": "Roman Borschel",
                    "email": "roman@code-factory.org"
                },
                {
                    "name": "Benjamin Eberlei",
                    "email": "kontakt@beberlei.de"
                }
            ],
            "description": "Database Abstraction Layer",
            "homepage": "http://www.doctrine-project.org",
            "keywords": [
                "database",
                "dbal",
                "persistence",
                "queryobject"
            ],
            "time": "2013-01-07 20:03:43"
        },
        {
            "name": "doctrine/doctrine-bundle",
            "version": "v1.2.0-beta1",
            "target-dir": "Doctrine/Bundle/DoctrineBundle",
            "source": {
                "type": "git",
                "url": "git://github.com/doctrine/DoctrineBundle.git",
                "reference": "v1.2.0-beta1"
            },
            "dist": {
                "type": "zip",
                "url": "https://api.github.com/repos/doctrine/DoctrineBundle/zipball/v1.2.0-beta1",
                "reference": "v1.2.0-beta1",
                "shasum": ""
            },
            "require": {
                "doctrine/dbal": ">=2.2,<2.5-dev",
                "jdorn/sql-formatter": ">=1.1,<2.0",
                "php": ">=5.3.2",
                "symfony/doctrine-bridge": "2.2.*",
                "symfony/framework-bundle": ">=2.2.0-beta2,<2.3-dev"
            },
            "require-dev": {
                "doctrine/orm": ">=2.2,<2.5-dev",
                "symfony/validator": "2.2.*",
                "symfony/yaml": "2.2.*"
            },
            "suggest": {
                "doctrine/orm": "The Doctrine ORM integration is optional in the bundle.",
                "symfony/web-profiler-bundle": "to use the data collector"
            },
            "type": "symfony-bundle",
            "extra": {
                "branch-alias": {
                    "dev-master": "1.2.x-dev"
                }
            },
            "autoload": {
                "psr-0": {
                    "Doctrine\\Bundle\\DoctrineBundle": ""
                }
            },
            "notification-url": "https://packagist.org/downloads/",
            "license": [
                "MIT"
            ],
            "authors": [
                {
                    "name": "Fabien Potencier",
                    "email": "fabien@symfony.com"
                },
                {
                    "name": "Symfony Community",
                    "homepage": "http://symfony.com/contributors"
                },
                {
                    "name": "Benjamin Eberlei",
                    "email": "kontakt@beberlei.de"
                }
            ],
            "description": "Symfony DoctrineBundle",
            "homepage": "http://www.doctrine-project.org",
            "keywords": [
                "database",
                "dbal",
                "orm",
                "persistence"
            ],
            "time": "2013-01-12 14:41:19"
        },
        {
            "name": "doctrine/orm",
            "version": "2.3.2",
            "source": {
                "type": "git",
                "url": "git://github.com/doctrine/doctrine2.git",
                "reference": "2.3.2"
            },
            "dist": {
                "type": "zip",
                "url": "https://github.com/doctrine/doctrine2/archive/2.3.2.zip",
                "reference": "2.3.2",
                "shasum": ""
            },
            "require": {
                "doctrine/dbal": "2.3.*",
                "ext-pdo": "*",
                "php": ">=5.3.2",
                "symfony/console": "2.*"
            },
            "suggest": {
                "symfony/yaml": "If you want to use YAML Metadata Mapping Driver"
            },
            "bin": [
                "bin/doctrine",
                "bin/doctrine.php"
            ],
            "type": "library",
            "extra": {
                "branch-alias": {
                    "dev-master": "2.3.x-dev"
                }
            },
            "autoload": {
                "psr-0": {
                    "Doctrine\\ORM": "lib/"
                }
            },
            "notification-url": "https://packagist.org/downloads/",
            "license": [
                "MIT"
            ],
            "authors": [
                {
                    "name": "Jonathan Wage",
                    "email": "jonwage@gmail.com",
                    "homepage": "http://www.jwage.com/"
                },
                {
                    "name": "Guilherme Blanco",
                    "email": "guilhermeblanco@gmail.com",
                    "homepage": "http://www.instaclick.com"
                },
                {
                    "name": "Roman Borschel",
                    "email": "roman@code-factory.org"
                },
                {
                    "name": "Benjamin Eberlei",
                    "email": "kontakt@beberlei.de"
                }
            ],
            "description": "Object-Relational-Mapper for PHP",
            "homepage": "http://www.doctrine-project.org",
            "keywords": [
                "database",
                "orm"
            ],
            "time": "2013-01-07 20:05:04"
        },
        {
            "name": "jdorn/sql-formatter",
            "version": "v1.2.0",
            "source": {
                "type": "git",
                "url": "git://github.com/jdorn/sql-formatter.git",
                "reference": "v1.2.0"
            },
            "dist": {
                "type": "zip",
                "url": "https://github.com/jdorn/sql-formatter/archive/v1.2.0.zip",
                "reference": "v1.2.0",
                "shasum": ""
            },
            "require": {
                "php": ">=5.2.4"
            },
            "type": "library",
            "extra": {
                "branch-alias": {
                    "dev-master": "1.3.x-dev"
                }
            },
            "autoload": {
                "classmap": [
                    "lib"
                ]
            },
            "notification-url": "https://packagist.org/downloads/",
            "license": [
                "LGPL"
            ],
            "authors": [
                {
                    "name": "Jeremy Dorn",
                    "email": "jeremy@jeremydorn.com",
                    "homepage": "http://jeremydorn.com/"
                }
            ],
            "description": "a PHP SQL highlighting library",
            "homepage": "https://github.com/jdorn/sql-formatter/",
            "keywords": [
                "highlight",
                "sql"
            ],
            "time": "2012-12-22 21:46:50"
        },
        {
            "name": "jms/aop-bundle",
            "version": "1.0.0",
            "target-dir": "JMS/AopBundle",
            "source": {
                "type": "git",
                "url": "https://github.com/schmittjoh/JMSAopBundle",
                "reference": "1.0.0"
            },
            "dist": {
                "type": "zip",
                "url": "https://github.com/schmittjoh/JMSAopBundle/zipball/1.0.0",
                "reference": "1.0.0",
                "shasum": ""
            },
            "require": {
                "jms/cg": "1.0.0",
                "symfony/framework-bundle": "2.*"
            },
            "type": "symfony-bundle",
            "autoload": {
                "psr-0": {
                    "JMS\\AopBundle": ""
                }
            },
            "notification-url": "https://packagist.org/downloads/",
            "license": [
                "Apache"
            ],
            "authors": [
                {
                    "name": "Johannes M. Schmitt",
                    "email": "schmittjoh@gmail.com",
                    "homepage": "https://github.com/schmittjoh",
                    "role": "Developer of wrapped JMSSerializerBundle"
                }
            ],
            "description": "Adds AOP capabilities to Symfony2",
            "keywords": [
                "annotations",
                "aop"
            ],
            "time": "2012-01-02 12:50:26"
        },
        {
            "name": "jms/cg",
            "version": "1.0.0",
            "source": {
                "type": "git",
                "url": "git://github.com/schmittjoh/cg-library.git",
                "reference": "1.0.0"
            },
            "dist": {
                "type": "zip",
                "url": "https://github.com/schmittjoh/cg-library/zipball/1.0.0",
                "reference": "1.0.0",
                "shasum": ""
            },
            "require": {
                "php": ">=5.3.0"
            },
            "type": "library",
            "autoload": {
                "psr-0": {
                    "CG\\": "src/"
                }
            },
            "notification-url": "https://packagist.org/downloads/",
            "license": [
                "Apache"
            ],
            "authors": [
                {
                    "name": "Johannes M. Schmitt",
                    "email": "schmittjoh@gmail.com",
                    "homepage": "https://github.com/schmittjoh",
                    "role": "Developer of wrapped JMSSerializerBundle"
                }
            ],
            "description": "Toolset for generating PHP code",
            "keywords": [
                "code generation"
            ],
            "time": "2012-01-02 12:40:52"
        },
        {
            "name": "jms/di-extra-bundle",
            "version": "1.3.0",
            "target-dir": "JMS/DiExtraBundle",
            "source": {
                "type": "git",
                "url": "https://github.com/schmittjoh/JMSDiExtraBundle.git",
                "reference": "1.3.0"
            },
            "dist": {
                "type": "zip",
                "url": "https://api.github.com/repos/schmittjoh/JMSDiExtraBundle/zipball/1.3.0",
                "reference": "1.3.0",
                "shasum": ""
            },
            "require": {
                "jms/aop-bundle": ">=1.0.0,<1.2-dev",
                "jms/metadata": "1.*",
                "symfony/finder": ">=2.1.0,<2.3-dev",
                "symfony/framework-bundle": ">=2.1.0,<2.3-dev",
                "symfony/process": ">=2.1.0,<2.3-dev"
            },
            "require-dev": {
                "doctrine/doctrine-bundle": "*",
                "doctrine/orm": "*",
                "jms/security-extra-bundle": "1.*",
                "phpcollection/phpcollection": ">=0.1,<0.3-dev",
                "sensio/framework-extra-bundle": "*",
                "symfony/browser-kit": "*",
                "symfony/class-loader": "*",
                "symfony/form": "*",
                "symfony/security-bundle": "*",
                "symfony/twig-bundle": "*",
                "symfony/validator": "*",
                "symfony/yaml": "*"
            },
            "type": "symfony-bundle",
            "extra": {
                "branch-alias": {
                    "dev-master": "1.3-dev"
                }
            },
            "autoload": {
                "psr-0": {
                    "JMS\\DiExtraBundle": ""
                }
            },
            "notification-url": "https://packagist.org/downloads/",
            "license": [
                "Apache"
            ],
            "authors": [
                {
                    "name": "Johannes M. Schmitt",
                    "email": "schmittjoh@gmail.com",
                    "homepage": "https://github.com/schmittjoh",
                    "role": "Developer of wrapped JMSSerializerBundle"
                }
            ],
            "description": "Allows to configure dependency injection using annotations",
            "homepage": "http://jmsyst.com/bundles/JMSDiExtraBundle",
            "keywords": [
                "annotations",
                "dependency injection"
            ],
            "time": "2013-01-30 21:51:54"
        },
        {
            "name": "jms/metadata",
            "version": "1.2.0-RC",
            "source": {
                "type": "git",
                "url": "https://github.com/schmittjoh/metadata",
                "reference": "1.2.0-RC"
            },
            "dist": {
                "type": "zip",
                "url": "https://github.com/schmittjoh/metadata/zipball/1.2.0-RC",
                "reference": "1.2.0-RC",
                "shasum": ""
            },
            "require": {
                "php": ">=5.3.0"
            },
            "require-dev": {
                "doctrine/common": ">=2.0,<2.4-dev"
            },
            "type": "library",
            "extra": {
                "branch-alias": {
                    "dev-master": "1.2.x-dev"
                }
            },
            "autoload": {
                "psr-0": {
                    "Metadata\\": "src/"
                }
            },
            "notification-url": "https://packagist.org/downloads/",
            "license": [
                "Apache"
            ],
            "authors": [
                {
                    "name": "Johannes M. Schmitt",
                    "email": "schmittjoh@gmail.com",
                    "homepage": "https://github.com/schmittjoh",
                    "role": "Developer of wrapped JMSSerializerBundle"
                }
            ],
            "description": "Class/method/property metadata management in PHP",
            "keywords": [
                "annotations",
                "metadata",
                "xml",
                "yaml"
            ],
            "time": "2012-08-21 05:40:10"
        },
        {
            "name": "jms/parser-lib",
            "version": "1.0.0",
            "source": {
                "type": "git",
                "url": "git://github.com/schmittjoh/parser-lib",
                "reference": "1.0.0"
            },
            "dist": {
                "type": "zip",
                "url": "https://github.com/schmittjoh/parser-lib/archive/1.0.0.zip",
                "reference": "1.0.0",
                "shasum": ""
            },
            "require": {
                "phpoption/phpoption": ">=0.9,<2.0-dev"
            },
            "type": "library",
            "extra": {
                "branch-alias": {
                    "dev-master": "1.0-dev"
                }
            },
            "autoload": {
                "psr-0": {
                    "JMS\\": "src/"
                }
            },
            "notification-url": "https://packagist.org/downloads/",
            "license": [
                "Apache2"
            ],
            "description": "A library for easily creating recursive-descent parsers.",
            "time": "2012-11-18 18:08:43"
        },
        {
            "name": "jms/security-extra-bundle",
            "version": "1.4.0",
            "target-dir": "JMS/SecurityExtraBundle",
            "source": {
                "type": "git",
                "url": "https://github.com/schmittjoh/JMSSecurityExtraBundle.git",
                "reference": "1.4.0"
            },
            "dist": {
                "type": "zip",
                "url": "https://api.github.com/repos/schmittjoh/JMSSecurityExtraBundle/zipball/1.4.0",
                "reference": "1.4.0",
                "shasum": ""
            },
            "require": {
                "jms/aop-bundle": ">=1.0.0,<1.2-dev",
                "jms/di-extra-bundle": "1.3.*",
                "jms/metadata": "1.*",
                "jms/parser-lib": "1.*",
                "symfony/framework-bundle": ">=2.1.0,<2.3-dev",
                "symfony/security-bundle": "*"
            },
            "require-dev": {
                "doctrine/doctrine-bundle": "*",
                "doctrine/orm": "*",
                "sensio/framework-extra-bundle": "*",
                "symfony/browser-kit": "*",
                "symfony/class-loader": "*",
                "symfony/css-selector": "*",
                "symfony/finder": "*",
                "symfony/form": "*",
                "symfony/process": "*",
                "symfony/twig-bundle": "*",
                "symfony/validator": "*",
                "symfony/yaml": "*"
            },
            "type": "symfony-bundle",
            "extra": {
                "branch-alias": {
                    "dev-master": "1.4-dev"
                }
            },
            "autoload": {
                "psr-0": {
                    "JMS\\SecurityExtraBundle": ""
                }
            },
            "notification-url": "https://packagist.org/downloads/",
            "license": [
                "Apache2"
            ],
            "authors": [
                {
                    "name": "Johannes M. Schmitt",
                    "email": "schmittjoh@gmail.com",
                    "homepage": "https://github.com/schmittjoh",
                    "role": "Developer of wrapped JMSSerializerBundle"
                }
            ],
            "description": "Enhances the Symfony2 Security Component by adding several new features",
            "homepage": "http://jmsyst.com/bundles/JMSSecurityExtraBundle",
            "keywords": [
                "annotations",
                "authorization",
                "expression",
                "secure",
                "security"
            ],
            "time": "2013-02-18 08:46:41"
        },
        {
            "name": "kriswallsmith/assetic",
            "version": "v1.1.0-alpha3",
            "source": {
                "type": "git",
                "url": "https://github.com/kriswallsmith/assetic.git",
                "reference": "v1.1.0-alpha3"
            },
            "dist": {
                "type": "zip",
                "url": "https://api.github.com/repos/kriswallsmith/assetic/zipball/v1.1.0-alpha3",
                "reference": "v1.1.0-alpha3",
                "shasum": ""
            },
            "require": {
                "php": ">=5.3.1",
                "symfony/process": ">=2.1.0,<2.3-dev"
            },
            "require-dev": {
                "cssmin/cssmin": "*",
                "joliclic/javascript-packer": "*",
                "kamicane/packager": "*",
                "leafo/lessphp": "*",
                "leafo/scssphp": "*",
                "leafo/scssphp-compass": "*",
                "mrclay/minify": "*",
                "phpunit/phpunit": "3.7.*",
                "ptachoire/cssembed": "*",
                "twig/twig": ">=1.6.0,<2.0"
            },
            "suggest": {
                "leafo/lessphp": "Assetic provides the integration with the lessphp LESS compiler",
                "leafo/scssphp": "Assetic provides the integration with the scssphp SCSS compiler",
                "leafo/scssphp-compass": "Assetic provides the integration with the SCSS compass plugin",
                "ptachoire/cssembed": "Assetic provides the integration with phpcssembed to embed data uris",
                "twig/twig": "Assetic provides the integration with the Twig templating engine"
            },
            "type": "library",
            "extra": {
                "branch-alias": {
                    "dev-master": "1.1-dev"
                }
            },
            "autoload": {
                "psr-0": {
                    "Assetic": "src/"
                },
                "files": [
                    "src/functions.php"
                ]
            },
            "notification-url": "https://packagist.org/downloads/",
            "license": [
                "MIT"
            ],
            "authors": [
                {
                    "name": "Kris Wallsmith",
                    "email": "kris.wallsmith@gmail.com",
                    "homepage": "http://kriswallsmith.net/"
                }
            ],
            "description": "Asset Management for PHP",
            "homepage": "https://github.com/kriswallsmith/assetic",
            "keywords": [
                "assets",
                "compression",
                "minification"
            ],
            "time": "2013-02-18 16:17:57"
        },
        {
            "name": "monolog/monolog",
            "version": "1.4.0",
            "source": {
                "type": "git",
                "url": "https://github.com/Seldaek/monolog",
                "reference": "1.4.0"
            },
            "dist": {
                "type": "zip",
                "url": "https://api.github.com/repos/Seldaek/monolog/zipball/1.4.0",
                "reference": "1.4.0",
                "shasum": ""
            },
            "require": {
                "php": ">=5.3.0",
                "psr/log": ">=1.0,<2.0"
            },
            "require-dev": {
                "doctrine/couchdb": "dev-master",
                "mlehner/gelf-php": "1.0.*",
                "raven/raven": "0.3.*"
            },
            "suggest": {
                "doctrine/couchdb": "Allow sending log messages to a CouchDB server",
                "ext-amqp": "Allow sending log messages to an AMQP server (1.0+ required)",
                "ext-mongo": "Allow sending log messages to a MongoDB server",
                "mlehner/gelf-php": "Allow sending log messages to a GrayLog2 server",
                "raven/raven": "Allow sending log messages to a Sentry server"
            },
            "type": "library",
            "extra": {
                "branch-alias": {
                    "dev-master": "1.4.x-dev"
                }
            },
            "autoload": {
                "psr-0": {
                    "Monolog": "src/"
                }
            },
            "notification-url": "https://packagist.org/downloads/",
            "license": [
                "MIT"
            ],
            "authors": [
                {
                    "name": "Jordi Boggiano",
                    "email": "j.boggiano@seld.be",
                    "homepage": "http://seld.be",
                    "role": "Developer"
                }
            ],
            "description": "Sends your logs to files, sockets, inboxes, databases and various web services",
            "homepage": "http://github.com/Seldaek/monolog",
            "keywords": [
                "log",
                "logging",
                "psr-3"
            ],
            "time": "2013-02-13 18:06:51"
        },
        {
            "name": "phpoption/phpoption",
            "version": "1.1.0",
            "source": {
                "type": "git",
                "url": "git://github.com/schmittjoh/php-option",
                "reference": "1.1.0"
            },
            "dist": {
                "type": "zip",
                "url": "https://github.com/schmittjoh/php-option/archive/1.1.0.zip",
                "reference": "1.1.0",
                "shasum": ""
            },
            "require": {
                "php": ">=5.3.0"
            },
            "type": "library",
            "extra": {
                "branch-alias": {
                    "dev-master": "1.1-dev"
                }
            },
            "autoload": {
                "psr-0": {
                    "PhpOption\\": "src/"
                }
            },
            "notification-url": "https://packagist.org/downloads/",
            "license": [
                "Apache2"
            ],
            "authors": [
                {
                    "name": "Johannes M. Schmitt",
                    "email": "schmittjoh@gmail.com",
                    "homepage": "https://github.com/schmittjoh",
                    "role": "Developer of wrapped JMSSerializerBundle"
                }
            ],
            "description": "Option Type for PHP",
            "keywords": [
                "language",
                "option",
                "php",
                "type"
            ],
            "time": "2013-01-19 11:01:32"
        },
        {
            "name": "psr/log",
            "version": "1.0.0",
            "source": {
                "type": "git",
                "url": "https://github.com/php-fig/log",
                "reference": "1.0.0"
            },
            "dist": {
                "type": "zip",
                "url": "https://github.com/php-fig/log/archive/1.0.0.zip",
                "reference": "1.0.0",
                "shasum": ""
            },
            "type": "library",
            "autoload": {
                "psr-0": {
                    "Psr\\Log\\": ""
                }
            },
            "notification-url": "https://packagist.org/downloads/",
            "license": [
                "MIT"
            ],
            "authors": [
                {
                    "name": "PHP-FIG",
                    "homepage": "http://www.php-fig.org/"
                }
            ],
            "description": "Common interface for logging libraries",
            "keywords": [
                "log",
                "psr",
                "psr-3"
            ],
            "time": "2012-12-21 11:40:51"
        },
        {
            "name": "sensio/distribution-bundle",
            "version": "v2.2.0",
            "target-dir": "Sensio/Bundle/DistributionBundle",
            "source": {
                "type": "git",
                "url": "https://github.com/sensio/SensioDistributionBundle.git",
                "reference": "v2.2.0-RC3"
            },
            "dist": {
                "type": "zip",
                "url": "https://api.github.com/repos/sensio/SensioDistributionBundle/zipball/v2.2.0-RC3",
                "reference": "v2.2.0-RC3",
                "shasum": ""
            },
            "require": {
                "symfony/framework-bundle": "2.2.*"
            },
            "type": "symfony-bundle",
            "extra": {
                "branch-alias": {
                    "dev-master": "2.2.x-dev"
                }
            },
            "autoload": {
                "psr-0": {
                    "Sensio\\Bundle\\DistributionBundle": ""
                }
            },
            "notification-url": "https://packagist.org/downloads/",
            "license": [
                "MIT"
            ],
            "authors": [
                {
                    "name": "Fabien Potencier",
                    "email": "fabien@symfony.com"
                }
            ],
            "description": "The base bundle for the Symfony Distributions",
            "keywords": [
                "configuration",
                "distribution"
            ],
            "time": "2013-02-11 14:46:49"
        },
        {
            "name": "sensio/framework-extra-bundle",
            "version": "v2.2.0",
            "target-dir": "Sensio/Bundle/FrameworkExtraBundle",
            "source": {
                "type": "git",
                "url": "https://github.com/sensio/SensioFrameworkExtraBundle.git",
                "reference": "v2.2.0"
            },
            "dist": {
                "type": "zip",
                "url": "https://api.github.com/repos/sensio/SensioFrameworkExtraBundle/zipball/v2.2.0",
                "reference": "v2.2.0",
                "shasum": ""
            },
            "require": {
                "doctrine/common": ">=2.2,<3.0",
                "symfony/framework-bundle": "2.2.*"
            },
            "type": "symfony-bundle",
            "extra": {
                "branch-alias": {
                    "dev-master": "2.2.x-dev"
                }
            },
            "autoload": {
                "psr-0": {
                    "Sensio\\Bundle\\FrameworkExtraBundle": ""
                }
            },
            "notification-url": "https://packagist.org/downloads/",
            "license": [
                "MIT"
            ],
            "authors": [
                {
                    "name": "Fabien Potencier",
                    "email": "fabien@symfony.com"
                }
            ],
            "description": "This bundle provides a way to configure your controllers with annotations",
            "keywords": [
                "annotations",
                "controllers"
            ],
            "time": "2013-02-28 14:13:52"
        },
        {
            "name": "sensio/generator-bundle",
            "version": "v2.2.0",
            "target-dir": "Sensio/Bundle/GeneratorBundle",
            "source": {
                "type": "git",
                "url": "https://github.com/sensio/SensioGeneratorBundle.git",
                "reference": "v2.2.0-RC3"
            },
            "dist": {
                "type": "zip",
                "url": "https://api.github.com/repos/sensio/SensioGeneratorBundle/zipball/v2.2.0-RC3",
                "reference": "v2.2.0-RC3",
                "shasum": ""
            },
            "require": {
                "symfony/console": ">=2.0,<3.0",
                "symfony/framework-bundle": "2.2.*"
            },
            "require-dev": {
                "doctrine/orm": ">=2.2,<3.0,>=2.2.3",
                "symfony/doctrine-bridge": ">=2.2,<3.0",
                "twig/twig": ">=1.11.0,<2.0"
            },
            "type": "symfony-bundle",
            "extra": {
                "branch-alias": {
                    "dev-master": "2.2.x-dev"
                }
            },
            "autoload": {
                "psr-0": {
                    "Sensio\\Bundle\\GeneratorBundle": ""
                }
            },
            "notification-url": "https://packagist.org/downloads/",
            "license": [
                "MIT"
            ],
            "authors": [
                {
                    "name": "Fabien Potencier",
                    "email": "fabien@symfony.com"
                }
            ],
            "description": "This bundle generates code for you",
            "time": "2013-02-22 17:59:21"
        },
        {
            "name": "swiftmailer/swiftmailer",
            "version": "v4.3.0",
            "source": {
                "type": "git",
                "url": "git://github.com/swiftmailer/swiftmailer.git",
                "reference": "v4.3.0"
            },
            "dist": {
                "type": "zip",
                "url": "https://github.com/swiftmailer/swiftmailer/archive/v4.3.0.zip",
                "reference": "v4.3.0",
                "shasum": ""
            },
            "require": {
                "php": ">=5.2.4"
            },
            "type": "library",
            "extra": {
                "branch-alias": {
                    "dev-master": "4.3-dev"
                }
            },
            "autoload": {
                "files": [
                    "lib/swift_required.php"
                ]
            },
            "notification-url": "https://packagist.org/downloads/",
            "license": [
                "LGPL"
            ],
            "authors": [
                {
                    "name": "Fabien Potencier",
                    "email": "fabien@symfony.com"
                },
                {
                    "name": "Chris Corbyn"
                }
            ],
            "description": "Swiftmailer, free feature-rich PHP mailer",
            "homepage": "http://swiftmailer.org",
            "keywords": [
                "mail",
                "mailer"
            ],
            "time": "2013-01-08 15:50:34"
        },
        {
            "name": "symfony/assetic-bundle",
            "version": "v2.1.2",
            "target-dir": "Symfony/Bundle/AsseticBundle",
            "source": {
                "type": "git",
                "url": "https://github.com/symfony/AsseticBundle.git",
                "reference": "v2.1.2"
            },
            "dist": {
                "type": "zip",
                "url": "https://api.github.com/repos/symfony/AsseticBundle/zipball/v2.1.2",
                "reference": "v2.1.2",
                "shasum": ""
            },
            "require": {
                "kriswallsmith/assetic": "1.1.*",
                "php": ">=5.3.0",
                "symfony/framework-bundle": ">=2.1.0,<2.3-dev"
            },
            "require-dev": {
                "symfony/class-loader": ">=2.1.0,<2.3-dev",
                "symfony/console": ">=2.1.0,<2.3-dev",
                "symfony/css-selector": ">=2.1.0,<2.3-dev",
                "symfony/dom-crawler": ">=2.1.0,<2.3-dev",
                "symfony/form": ">=2.1.0,<2.3-dev",
                "symfony/twig-bundle": ">=2.1.0,<2.3-dev",
                "symfony/yaml": ">=2.1.0,<2.3-dev"
            },
            "suggest": {
                "symfony/twig-bundle": ">=2.1.0,<2.3-dev"
            },
            "type": "symfony-bundle",
            "extra": {
                "branch-alias": {
                    "dev-master": "2.1.x-dev"
                }
            },
            "autoload": {
                "psr-0": {
                    "Symfony\\Bundle\\AsseticBundle": ""
                }
            },
            "notification-url": "https://packagist.org/downloads/",
            "license": [
                "MIT"
            ],
            "authors": [
                {
                    "name": "Kris Wallsmith",
                    "email": "kris.wallsmith@gmail.com",
                    "homepage": "http://kriswallsmith.net/"
                }
            ],
            "description": "Integrates Assetic into Symfony2",
            "homepage": "https://github.com/symfony/AsseticBundle",
            "keywords": [
                "assets",
                "compression",
                "minification"
            ],
            "time": "2013-02-23 22:29:21"
        },
        {
            "name": "symfony/monolog-bundle",
            "version": "v2.2.0",
            "target-dir": "Symfony/Bundle/MonologBundle",
            "source": {
                "type": "git",
                "url": "https://github.com/symfony/MonologBundle.git",
                "reference": "v2.2.0"
            },
            "dist": {
                "type": "zip",
                "url": "https://api.github.com/repos/symfony/MonologBundle/zipball/v2.2.0",
                "reference": "v2.2.0",
                "shasum": ""
            },
            "require": {
                "monolog/monolog": ">=1.3,<2.0",
                "php": ">=5.3.2",
                "symfony/config": ">=2.2-beta2,<3.0",
                "symfony/dependency-injection": ">=2.2-beta2,<3.0",
                "symfony/monolog-bridge": ">=2.2-beta2,<3.0"
            },
            "require-dev": {
                "symfony/yaml": ">=2.2-beta2,<3.0"
            },
            "type": "symfony-bundle",
            "extra": {
                "branch-alias": {
                    "dev-master": "2.2.x-dev"
                }
            },
            "autoload": {
                "psr-0": {
                    "Symfony\\Bundle\\MonologBundle": ""
                }
            },
            "notification-url": "https://packagist.org/downloads/",
            "license": [
                "MIT"
            ],
            "authors": [
                {
                    "name": "Fabien Potencier",
                    "email": "fabien@symfony.com"
                },
                {
                    "name": "Symfony Community",
                    "homepage": "http://symfony.com/contributors"
                }
            ],
            "description": "Symfony MonologBundle",
            "homepage": "http://symfony.com",
            "keywords": [
                "log",
                "logging"
            ],
            "time": "2013-02-23 17:18:24"
        },
        {
            "name": "symfony/swiftmailer-bundle",
            "version": "v2.2.0",
            "target-dir": "Symfony/Bundle/SwiftmailerBundle",
            "source": {
                "type": "git",
                "url": "https://github.com/symfony/SwiftmailerBundle.git",
                "reference": "v2.2.0-BETA2"
            },
            "dist": {
                "type": "zip",
                "url": "https://api.github.com/repos/symfony/SwiftmailerBundle/zipball/v2.2.0-BETA2",
                "reference": "v2.2.0-BETA2",
                "shasum": ""
            },
            "require": {
                "php": ">=5.3.2",
                "swiftmailer/swiftmailer": ">=4.2.0,<4.4-dev",
                "symfony/swiftmailer-bridge": ">=2.1.0,<2.3-dev"
            },
            "require-dev": {
                "symfony/config": ">=2.1.0,<2.3-dev",
                "symfony/dependency-injection": ">=2.1.0,<2.3-dev",
                "symfony/http-kernel": ">=2.1.0,<2.3-dev",
                "symfony/yaml": ">=2.1.0,<2.3-dev"
            },
            "type": "symfony-bundle",
            "extra": {
                "branch-alias": {
                    "dev-master": "2.2-dev"
                }
            },
            "autoload": {
                "psr-0": {
                    "Symfony\\Bundle\\SwiftmailerBundle": ""
                }
            },
            "notification-url": "https://packagist.org/downloads/",
            "license": [
                "MIT"
            ],
            "authors": [
                {
                    "name": "Fabien Potencier",
                    "email": "fabien@symfony.com"
                },
                {
                    "name": "Symfony Community",
                    "homepage": "http://symfony.com/contributors"
                }
            ],
            "description": "Symfony SwiftmailerBundle",
            "homepage": "http://symfony.com",
            "time": "2013-01-08 20:24:29"
        },
        {
            "name": "symfony/symfony",
            "version": "v2.2.0",
            "source": {
                "type": "git",
                "url": "https://github.com/symfony/symfony.git",
                "reference": "v2.2.0"
            },
            "dist": {
                "type": "zip",
                "url": "https://api.github.com/repos/symfony/symfony/zipball/v2.2.0",
                "reference": "v2.2.0",
                "shasum": ""
            },
            "require": {
                "doctrine/common": ">=2.2,<3.0",
                "php": ">=5.3.3",
                "psr/log": ">=1.0,<2.0",
                "twig/twig": ">=1.11.0,<2.0"
            },
            "replace": {
                "symfony/browser-kit": "self.version",
                "symfony/class-loader": "self.version",
                "symfony/config": "self.version",
                "symfony/console": "self.version",
                "symfony/css-selector": "self.version",
                "symfony/dependency-injection": "self.version",
                "symfony/doctrine-bridge": "self.version",
                "symfony/dom-crawler": "self.version",
                "symfony/event-dispatcher": "self.version",
                "symfony/filesystem": "self.version",
                "symfony/finder": "self.version",
                "symfony/form": "self.version",
                "symfony/framework-bundle": "self.version",
                "symfony/http-foundation": "self.version",
                "symfony/http-kernel": "self.version",
                "symfony/locale": "self.version",
                "symfony/monolog-bridge": "self.version",
                "symfony/options-resolver": "self.version",
                "symfony/process": "self.version",
                "symfony/propel1-bridge": "self.version",
                "symfony/property-access": "self.version",
                "symfony/routing": "self.version",
                "symfony/security": "self.version",
                "symfony/security-bundle": "self.version",
                "symfony/serializer": "self.version",
                "symfony/stopwatch": "self.version",
                "symfony/swiftmailer-bridge": "self.version",
                "symfony/templating": "self.version",
                "symfony/translation": "self.version",
                "symfony/twig-bridge": "self.version",
                "symfony/twig-bundle": "self.version",
                "symfony/validator": "self.version",
                "symfony/web-profiler-bundle": "self.version",
                "symfony/yaml": "self.version"
            },
            "require-dev": {
                "doctrine/data-fixtures": "1.0.*",
                "doctrine/dbal": ">=2.2,<3.0",
                "doctrine/orm": ">=2.2,<3.0,>=2.2.3",
                "monolog/monolog": ">=1.3,<2.0",
                "propel/propel1": "1.6.*"
            },
            "type": "library",
            "extra": {
                "branch-alias": {
                    "dev-master": "2.2-dev"
                }
            },
            "autoload": {
                "psr-0": {
                    "Symfony\\": "src/"
                },
                "classmap": [
                    "src/Symfony/Component/HttpFoundation/Resources/stubs",
                    "src/Symfony/Component/Locale/Resources/stubs"
                ]
            },
            "notification-url": "https://packagist.org/downloads/",
            "license": [
                "MIT"
            ],
            "authors": [
                {
                    "name": "Fabien Potencier",
                    "email": "fabien@symfony.com"
                },
                {
                    "name": "Symfony Community",
                    "homepage": "http://symfony.com/contributors"
                }
            ],
            "description": "The Symfony PHP framework",
            "homepage": "http://symfony.com",
            "keywords": [
                "framework"
            ],
            "time": "2013-03-01 06:52:29"
        },
        {
            "name": "twig/extensions",
            "version": "v1.0.0-alpha",
            "source": {
                "type": "git",
                "url": "https://github.com/fabpot/Twig-extensions",
                "reference": "v1.0.0-alpha"
            },
            "dist": {
                "type": "zip",
                "url": "https://github.com/fabpot/Twig-extensions/zipball/v1.0.0-alpha",
                "reference": "v1.0.0-alpha",
                "shasum": ""
            },
            "require": {
                "twig/twig": "1.*"
            },
            "type": "library",
            "extra": {
                "branch-alias": {
                    "dev-master": "1.0.x-dev"
                }
            },
            "autoload": {
                "psr-0": {
                    "Twig_Extensions_": "lib/"
                }
            },
            "notification-url": "https://packagist.org/downloads/",
            "license": [
                "MIT"
            ],
            "authors": [
                {
                    "name": "Fabien Potencier",
                    "email": "fabien@symfony.com"
                }
            ],
            "description": "Common additional features for Twig that do not directly belong in core",
            "homepage": "https://github.com/fabpot/Twig-extensions",
            "keywords": [
                "debug",
                "i18n",
                "text"
            ],
            "time": "2012-08-28 08:04:23"
        },
        {
            "name": "twig/twig",
            "version": "v1.12.2",
            "source": {
                "type": "git",
                "url": "git://github.com/fabpot/Twig.git",
                "reference": "v1.12.2"
            },
            "dist": {
                "type": "zip",
                "url": "https://api.github.com/repos/fabpot/Twig/zipball/v1.12.2",
                "reference": "v1.12.2",
                "shasum": ""
            },
            "require": {
                "php": ">=5.2.4"
            },
            "type": "library",
            "extra": {
                "branch-alias": {
                    "dev-master": "1.12-dev"
                }
            },
            "autoload": {
                "psr-0": {
                    "Twig_": "lib/"
                }
            },
            "notification-url": "https://packagist.org/downloads/",
            "license": [
                "BSD-3"
            ],
            "authors": [
                {
                    "name": "Fabien Potencier",
                    "email": "fabien@symfony.com"
                },
                {
                    "name": "Armin Ronacher",
                    "email": "armin.ronacher@active-4.com"
                }
            ],
            "description": "Twig, the flexible, fast, and secure template language for PHP",
            "homepage": "http://twig.sensiolabs.org",
            "keywords": [
                "templating"
            ],
            "time": "2013-02-09 18:21:53"
        }
    ],
    "packages-dev": [

    ],
    "aliases": [

    ],
    "minimum-stability": "alpha",
    "stability-flags": [

    ]
}
