symfony 705fc0ddd3c615b03a4ee001a9164259c8011b68
twig cdd8351cf58babc767a8fbe0a3f6d05df90373ff
monolog 8492eb74b30429c68beeca22ded788a487d0fd82
doctrine-common fa9954572e2489d54d015eaf648e5d867e6605c9
doctrine-dbal 2cb22496a732029373d98ff9e4d54a7187ee9bb8
doctrine 5afc097527685f33abddbfb10af4741e8bd7385a
swiftmailer 79fe79112664b855c9f6db3350e374b5ea9467cf
assetic 50d4b959d713f7544dc98e36bc181631aca034a0
twig-extensions 6b0cc16934b6e62ef07c8d2e59f9f13ff3193d3d
metadata aa04872c6f0e2b32128b62dd075e8cf97a8d93da
SensioFrameworkExtraBundle 414c0812bf941811791f8a1efd4ccd25e9562406
JMSSecurityExtraBundle f9fbc5da0d464a3764ef7bf6d7988fbb7b883d6a
SensioDistributionBundle 868d8db9ca3ae41d5d6e74f3db708eb5970bc478
SensioGeneratorBundle 719b6912c19d9c27c39f1df59885718c8c4af0ae
AsseticBundle f6ec47d9399459ab7b602fb3737243a0f1fa2f29