symfony ae1e9cbedf6e8fb0613650fd4a8c2d212b0f6ad1
twig 8ac3603a8b9a40420c7a87a720f9fee228b928ce
monolog b704c49a3051536f67f2d39f13568f74615b9922
doctrine-common ae8493e66cd80d340d4d2d5ad876ca5196c02f16
doctrine-dbal ce28f3ddf73fc3c6923c27a09a3ae8dc5b195656
doctrine 43b1e79ec4cfedb6a707f1346cb0e3bd907116e5
swiftmailer 8c3165691e36302405926abbae7526549db8b899
assetic f829ad23d23c87480151a21faad49fefe7c09e5d
twig-extensions d5851b96f06442e74590e5540a4209e9e3946243
metadata 30c622cad82e39a6856b981a9bfb9df06b3cc067
SensioFrameworkExtraBundle dcd40eb4e2fff2d82fad644bb44fc2a40ccaf381
JMSSecurityExtraBundle b8b7eb294ed83d83ca7260ac018e701f08003538
SensioDistributionBundle 2e0060d701949d2ad4b32c6c3c6c50c0d8f75fba
SensioGeneratorBundle c6af9719ae9e81fa4e086f40697d35e7090921cc
AsseticBundle 41b5913b5086a0909af92adcb4a6005ee0051b16