symfony 848f87504de4cf825f1e44f20e89fb266f64e653
twig 0b7d6dfa0cf0dfb6a3c5745b6434ebd6ea32e90e
monolog b704c49a3051536f67f2d39f13568f74615b9922
doctrine-common b886898821288d305862ee9c567cc5b5cbb4c0dc
doctrine-dbal ae358bd94ec09d7d3ad92ca7820e67825ad9e5f4
doctrine bff55577cd7df5924dcc43a237993f2d052316f2
swiftmailer daaff2b8515390fbb10882647311f476b89a67e6
assetic f829ad23d23c87480151a21faad49fefe7c09e5d
twig-extensions 3076c971976e1baaf86e5820c7a1da3f5c1c14eb
metadata 8717ad2a5689480765d9ffafe925cd8a2457e582
SensioFrameworkExtraBundle 1c7e92f466d11f83130b0c1271f44d067a2c3b31
JMSSecurityExtraBundle b8b7eb294ed83d83ca7260ac018e701f08003538
SensioDistributionBundle 20b66a408084ad8752f98e50f10533f5245310bf
SensioGeneratorBundle c6af9719ae9e81fa4e086f40697d35e7090921cc
AsseticBundle 41b5913b5086a0909af92adcb4a6005ee0051b16